
Microsoft Visual Studio Solution File, Format Version 12.00
# Visual Studio Version 16
VisualStudioVersion = 16.0.29905.134
MinimumVisualStudioVersion = 10.0.40219.1
Project("{FAE04EC0-301F-11D3-BF4B-00C04F79EFBC}") = "ACModule", "ACModule\ACModule.csproj", "{7E427391-9E89-43F9-8C0A-F7F2383237AA}"
EndProject
Global
	GlobalSection(SolutionConfigurationPlatforms) = preSolution
		Debug|Any CPU = Debug|Any CPU
		Release|Any CPU = Release|Any CPU
	EndGlobalSection
	GlobalSection(ProjectConfigurationPlatforms) = postSolution
		{7E427391-9E89-43F9-8C0A-F7F2383237AA}.Debug|Any CPU.ActiveCfg = Debug|Any CPU
		{7E427391-9E89-43F9-8C0A-F7F2383237AA}.Debug|Any CPU.Build.0 = Debug|Any CPU
		{7E427391-9E89-43F9-8C0A-F7F2383237AA}.Release|Any CPU.ActiveCfg = Release|Any CPU
		{7E427391-9E89-43F9-8C0A-F7F2383237AA}.Release|Any CPU.Build.0 = Release|Any CPU
	EndGlobalSection
	GlobalSection(SolutionProperties) = preSolution
		HideSolutionNode = FALSE
	EndGlobalSection
	GlobalSection(ExtensibilityGlobals) = postSolution
		SolutionGuid = {91070DF8-2AFC-421C-BA98-442AA4E4272B}
	EndGlobalSection
EndGlobal
